schema: '2.0'
stages:
  train:
    cmd: python music_detection/train/train.py  --data-path data/coco_music_keypoints
      --dataset coco_music_kp --model fasterrcnn_resnet50_fpn --batch-size 4 --epochs
      10 --output-dir data/train_output --data-augmentation nothing --lr 0.000625
      --weights-backbone ResNet50_Weights.IMAGENET1K_V1 --device $DEVICE --no-evaluate
      --use-deterministic-algorithms
    deps:
    - path: data/coco_music_keypoints
      hash: md5
      md5: 4270bd1afbc12bf68203b80e7f2b549c.dir
      size: 1300046
      nfiles: 21
    params:
      params.yaml:
        train:
          model: fasterrcnn_resnet50_fpn
          batch-size: 4
          epochs: 10
          lr: 0.000625
          weights-backbone: ResNet50_Weights.IMAGENET1K_V1
    outs:
    - path: data/train_output
      hash: md5
      md5: 1801703981c756f73101301f49e43299.dir
      size: 336629662
      nfiles: 21
  train_sparse:
    cmd: python music_detection/train/train_sparse.py
    deps:
    - path: data/coco_music_keypoints
      hash: md5
      md5: d7cb01446f0a629bec25dd4dd885eca9.dir
      size: 2984542
      nfiles: 21
    - path: data/coco_music_keypoints_weights.json
      hash: md5
      md5: 6ef42a9ff7ce5348b7c8ce88b8da52e5
      size: 36
    - path: music_detection/data/sparse_dataset.py
      hash: md5
      md5: 0bb383d3aba2490aae460856b426c067
      size: 6935
    - path: music_detection/model/sparse_model.py
      hash: md5
      md5: a80056ac48bf023888f74c5515ea5510
      size: 2801
    - path: music_detection/params.py
      hash: md5
      md5: f987d93580dca3b6584d4837d0e32291
      size: 786
    - path: music_detection/train/train_sparse.py
      hash: md5
      md5: 3710e73434611bc4370a1769e3ae9ade
      size: 8707
    params:
      params.yaml:
        train_sparse:
          output_dir: data/train_sparse
          seed: 0
          dataset: data/coco_music_keypoints
          batch_size: 1
          lr: 0.01
          epochs: 1000
          weights: true
          stride: 4
          dilation: 4
          label_whitelist:
          - gClef
          - fClef
          image_whitelist:
    outs:
    - path: data/train_sparse
      hash: md5
      md5: 076035f512826093c3622cc3335f8f56.dir
      size: 159162553
      nfiles: 82
  compute_weights:
    cmd: python music_detection/utils/compute_weights.py
    deps:
    - path: data/coco_music_keypoints
      hash: md5
      md5: d7cb01446f0a629bec25dd4dd885eca9.dir
      size: 2984542
      nfiles: 21
    - path: music_detection/data/sparse_dataset.py
      hash: md5
      md5: 0bb383d3aba2490aae460856b426c067
      size: 6935
    - path: music_detection/params.py
      hash: md5
      md5: f987d93580dca3b6584d4837d0e32291
      size: 786
    - path: music_detection/utils/compute_weights.py
      hash: md5
      md5: ed3ac3e4220be77b9d0f3a7dbd013335
      size: 1783
    params:
      params.yaml:
        train_sparse.dataset: data/coco_music_keypoints
        train_sparse.image_whitelist:
        train_sparse.label_whitelist:
        - gClef
        - fClef
    outs:
    - path: data/coco_music_keypoints_weights.json
      hash: md5
      md5: 6ef42a9ff7ce5348b7c8ce88b8da52e5
      size: 36
